// !$*UTF8*$!
{
	archiveVersion = 1;
	classes = {
	};
	objectVersion = 48;
	objects = {

/* Begin PBXBuildFile section */
		540386481FC56FCC007FDDF1 /* AppDelegate.swift in Sources */ = {isa = PBXBuildFile; fileRef = 540386471FC56FCC007FDDF1 /* AppDelegate.swift */; };
		5403864A1FC56FCC007FDDF1 /* ViewController.swift in Sources */ = {isa = PBXBuildFile; fileRef = 540386491FC56FCC007FDDF1 /* ViewController.swift */; };
		5403864D1FC56FCD007FDDF1 /* Main.storyboard in Resources */ = {isa = PBXBuildFile; fileRef = 5403864B1FC56FCD007FDDF1 /* Main.storyboard */; };
		5403864F1FC56FCD007FDDF1 /* Assets.xcassets in Resources */ = {isa = PBXBuildFile; fileRef = 5403864E1FC56FCD007FDDF1 /* Assets.xcassets */; };
		540386521FC56FCD007FDDF1 /* LaunchScreen.storyboard in Resources */ = {isa = PBXBuildFile; fileRef = 540386501FC56FCD007FDDF1 /* LaunchScreen.storyboard */; };
		5403865B1FC5700C007FDDF1 /* Group.storyboard in Resources */ = {isa = PBXBuildFile; fileRef = 5403865A1FC5700C007FDDF1 /* Group.storyboard */; };
		5403865E1FC57038007FDDF1 /* GroupViewController.swift in Sources */ = {isa = PBXBuildFile; fileRef = 5403865D1FC57038007FDDF1 /* GroupViewController.swift */; };
		540386621FC57109007FDDF1 /* GroupTableViewCell.swift in Sources */ = {isa = PBXBuildFile; fileRef = 540386601FC57109007FDDF1 /* GroupTableViewCell.swift */; };
		540386631FC57109007FDDF1 /* GroupTableViewCell.xib in Resources */ = {isa = PBXBuildFile; fileRef = 540386611FC57109007FDDF1 /* GroupTableViewCell.xib */; };
		540386661FC572F0007FDDF1 /* Group.swift in Sources */ = {isa = PBXBuildFile; fileRef = 540386651FC572F0007FDDF1 /* Group.swift */; };
		540386691FC57401007FDDF1 /* GroupDetail.storyboard in Resources */ = {isa = PBXBuildFile; fileRef = 540386681FC57401007FDDF1 /* GroupDetail.storyboard */; };
		5403866B1FC57526007FDDF1 /* MainTabBarController.swift in Sources */ = {isa = PBXBuildFile; fileRef = 5403866A1FC57526007FDDF1 /* MainTabBarController.swift */; };
		5403866D1FC57583007FDDF1 /* Setting.storyboard in Resources */ = {isa = PBXBuildFile; fileRef = 5403866C1FC57583007FDDF1 /* Setting.storyboard */; };
		5403866F1FC575BC007FDDF1 /* SettingViewController.swift in Sources */ = {isa = PBXBuildFile; fileRef = 5403866E1FC575BC007FDDF1 /* SettingViewController.swift */; };
		540386711FC57761007FDDF1 /* GroupDetailViewController.swift in Sources */ = {isa = PBXBuildFile; fileRef = 540386701FC57761007FDDF1 /* GroupDetailViewController.swift */; };
		54AAE95E1FCAD88A004C5CB4 /* GroupViewModel.swift in Sources */ = {isa = PBXBuildFile; fileRef = 54AAE95D1FCAD88A004C5CB4 /* GroupViewModel.swift */; };
/* End PBXBuildFile section */

/* Begin PBXFileReference section */
		540386441FC56FCC007FDDF1 /* KooBeeMobile.app */ = {isa = PBXFileReference; explicitFileType = wrapper.application; includeInIndex = 0; path = KooBeeMobile.app; sourceTree = BUILT_PRODUCTS_DIR; };
		540386471FC56FCC007FDDF1 /* AppDelegate.swift */ = {isa = PBXFileReference; lastKnownFileType = sourcecode.swift; path = AppDelegate.swift; sourceTree = "<group>"; };
		540386491FC56FCC007FDDF1 /* ViewController.swift */ = {isa = PBXFileReference; lastKnownFileType = sourcecode.swift; path = ViewController.swift; sourceTree = "<group>"; };
		5403864C1FC56FCD007FDDF1 /* Base */ = {isa = PBXFileReference; lastKnownFileType = file.storyboard; name = Base; path = Base.lproj/Main.storyboard; sourceTree = "<group>"; };
		5403864E1FC56FCD007FDDF1 /* Assets.xcassets */ = {isa = PBXFileReference; lastKnownFileType = folder.assetcatalog; path = Assets.xcassets; sourceTree = "<group>"; };
		540386511FC56FCD007FDDF1 /* Base */ = {isa = PBXFileReference; lastKnownFileType = file.storyboard; name = Base; path = Base.lproj/LaunchScreen.storyboard; sourceTree = "<group>"; };
		540386531FC56FCD007FDDF1 /* Info.plist */ = {isa = PBXFileReference; lastKnownFileType = text.plist.xml; path = Info.plist; sourceTree = "<group>"; };
		5403865A1FC5700C007FDDF1 /* Group.storyboard */ = {isa = PBXFileReference; lastKnownFileType = file.storyboard; path = Group.storyboard; sourceTree = "<group>"; };
		5403865D1FC57038007FDDF1 /* GroupViewController.swift */ = {isa = PBXFileReference; lastKnownFileType = sourcecode.swift; path = GroupViewController.swift; sourceTree = "<group>"; };
		540386601FC57109007FDDF1 /* GroupTableViewCell.swift */ = {isa = PBXFileReference; lastKnownFileType = sourcecode.swift; path = GroupTableViewCell.swift; sourceTree = "<group>"; };
		540386611FC57109007FDDF1 /* GroupTableViewCell.xib */ = {isa = PBXFileReference; lastKnownFileType = file.xib; path = GroupTableViewCell.xib; sourceTree = "<group>"; };
		540386651FC572F0007FDDF1 /* Group.swift */ = {isa = PBXFileReference; lastKnownFileType = sourcecode.swift; path = Group.swift; sourceTree = "<group>"; };
		540386681FC57401007FDDF1 /* GroupDetail.storyboard */ = {isa = PBXFileReference; lastKnownFileType = file.storyboard; path = GroupDetail.storyboard; sourceTree = "<group>"; };
		5403866A1FC57526007FDDF1 /* MainTabBarController.swift */ = {isa = PBXFileReference; lastKnownFileType = sourcecode.swift; path = MainTabBarController.swift; sourceTree = "<group>"; };
		5403866C1FC57583007FDDF1 /* Setting.storyboard */ = {isa = PBXFileReference; lastKnownFileType = file.storyboard; path = Setting.storyboard; sourceTree = "<group>"; };
		5403866E1FC575BC007FDDF1 /* SettingViewController.swift */ = {isa = PBXFileReference; lastKnownFileType = sourcecode.swift; path = SettingViewController.swift; sourceTree = "<group>"; };
		540386701FC57761007FDDF1 /* GroupDetailViewController.swift */ = {isa = PBXFileReference; lastKnownFileType = sourcecode.swift; path = GroupDetailViewController.swift; sourceTree = "<group>"; };
		54AAE95D1FCAD88A004C5CB4 /* GroupViewModel.swift */ = {isa = PBXFileReference; lastKnownFileType = sourcecode.swift; path = GroupViewModel.swift; sourceTree = "<group>"; };
/* End PBXFileReference section */

/* Begin PBXFrameworksBuildPhase section */
		540386411FC56FCC007FDDF1 /* Frameworks */ = {
			isa = PBXFrameworksBuildPhase;
			buildActionMask = 2147483647;
			files = (
			);
			runOnlyForDeploymentPostprocessing = 0;
		};
/* End PBXFrameworksBuildPhase section */

/* Begin PBXGroup section */
		5403863B1FC56FCC007FDDF1 = {
			isa = PBXGroup;
			children = (
				540386461FC56FCC007FDDF1 /* KooBeeMobile */,
				540386451FC56FCC007FDDF1 /* Products */,
			);
			sourceTree = "<group>";
		};
		540386451FC56FCC007FDDF1 /* Products */ = {
			isa = PBXGroup;
			children = (
				540386441FC56FCC007FDDF1 /* KooBeeMobile.app */,
			);
			name = Products;
			sourceTree = "<group>";
		};
		540386461FC56FCC007FDDF1 /* KooBeeMobile */ = {
			isa = PBXGroup;
			children = (
				54AAE95C1FCAD874004C5CB4 /* ViewModel */,
				540386641FC572D1007FDDF1 /* Model */,
				5403865F1FC570E8007FDDF1 /* TableViewCell */,
				5403865C1FC57013007FDDF1 /* Storyboard */,
				540386591FC56FF3007FDDF1 /* ViewController */,
				540386471FC56FCC007FDDF1 /* AppDelegate.swift */,
				540386491FC56FCC007FDDF1 /* ViewController.swift */,
				5403864B1FC56FCD007FDDF1 /* Main.storyboard */,
				5403864E1FC56FCD007FDDF1 /* Assets.xcassets */,
				540386501FC56FCD007FDDF1 /* LaunchScreen.storyboard */,
				540386531FC56FCD007FDDF1 /* Info.plist */,
			);
			path = KooBeeMobile;
			sourceTree = "<group>";
		};
		540386591FC56FF3007FDDF1 /* ViewController */ = {
			isa = PBXGroup;
			children = (
				5403865D1FC57038007FDDF1 /* GroupViewController.swift */,
				5403866E1FC575BC007FDDF1 /* SettingViewController.swift */,
				5403866A1FC57526007FDDF1 /* MainTabBarController.swift */,
				540386701FC57761007FDDF1 /* GroupDetailViewController.swift */,
			);
			path = ViewController;
			sourceTree = "<group>";
		};
		5403865C1FC57013007FDDF1 /* Storyboard */ = {
			isa = PBXGroup;
			children = (
				5403865A1FC5700C007FDDF1 /* Group.storyboard */,
				540386681FC57401007FDDF1 /* GroupDetail.storyboard */,
				5403866C1FC57583007FDDF1 /* Setting.storyboard */,
			);
			path = Storyboard;
			sourceTree = "<group>";
		};
		5403865F1FC570E8007FDDF1 /* TableViewCell */ = {
			isa = PBXGroup;
			children = (
				540386601FC57109007FDDF1 /* GroupTableViewCell.swift */,
				540386611FC57109007FDDF1 /* GroupTableViewCell.xib */,
			);
			path = TableViewCell;
			sourceTree = "<group>";
		};
		540386641FC572D1007FDDF1 /* Model */ = {
			isa = PBXGroup;
			children = (
				540386651FC572F0007FDDF1 /* Group.swift */,
			);
			path = Model;
			sourceTree = "<group>";
		};
		54AAE95C1FCAD874004C5CB4 /* ViewModel */ = {
			isa = PBXGroup;
			children = (
				54AAE95D1FCAD88A004C5CB4 /* GroupViewModel.swift */,
			);
			path = ViewModel;
			sourceTree = "<group>";
		};
/* End PBXGroup section */

/* Begin PBXNativeTarget section */
		540386431FC56FCC007FDDF1 /* KooBeeMobile */ = {
			isa = PBXNativeTarget;
			buildConfigurationList = 540386561FC56FCD007FDDF1 /* Build configuration list for PBXNativeTarget "KooBeeMobile" */;
			buildPhases = (
				540386401FC56FCC007FDDF1 /* Sources */,
				540386411FC56FCC007FDDF1 /* Frameworks */,
				540386421FC56FCC007FDDF1 /* Resources */,
			);
			buildRules = (
			);
			dependencies = (
			);
			name = KooBeeMobile;
			productName = KooBeeMobile;
			productReference = 540386441FC56FCC007FDDF1 /* KooBeeMobile.app */;
			productType = "com.apple.product-type.application";
		};
/* End PBXNativeTarget section */

/* Begin PBXProject section */
		5403863C1FC56FCC007FDDF1 /* Project object */ = {
			isa = PBXProject;
			attributes = {
				LastSwiftUpdateCheck = 0910;
				LastUpgradeCheck = 0910;
				ORGANIZATIONNAME = rokkocode;
				TargetAttributes = {
					540386431FC56FCC007FDDF1 = {
						CreatedOnToolsVersion = 9.1;
						ProvisioningStyle = Automatic;
					};
				};
			};
			buildConfigurationList = 5403863F1FC56FCC007FDDF1 /* Build configuration list for PBXProject "KooBeeMobile" */;
			compatibilityVersion = "Xcode 8.0";
			developmentRegion = en;
			hasScannedForEncodings = 0;
			knownRegions = (
				en,
				Base,
			);
			mainGroup = 5403863B1FC56FCC007FDDF1;
			productRefGroup = 540386451FC56FCC007FDDF1 /* Products */;
			projectDirPath = "";
			projectRoot = "";
			targets = (
				540386431FC56FCC007FDDF1 /* KooBeeMobile */,
			);
		};
/* End PBXProject section */

/* Begin PBXResourcesBuildPhase section */
		540386421FC56FCC007FDDF1 /* Resources */ = {
			isa = PBXResourcesBuildPhase;
			buildActionMask = 2147483647;
			files = (
				540386521FC56FCD007FDDF1 /* LaunchScreen.storyboard in Resources */,
				540386631FC57109007FDDF1 /* GroupTableViewCell.xib in Resources */,
				5403866D1FC57583007FDDF1 /* Setting.storyboard in Resources */,
				5403864F1FC56FCD007FDDF1 /* Assets.xcassets in Resources */,
				540386691FC57401007FDDF1 /* GroupDetail.storyboard in Resources */,
				5403865B1FC5700C007FDDF1 /* Group.storyboard in Resources */,
				5403864D1FC56FCD007FDDF1 /* Main.storyboard in Resources */,
			);
			runOnlyForDeploymentPostprocessing = 0;
		};
/* End PBXResourcesBuildPhase section */

/* Begin PBXSourcesBuildPhase section */
		540386401FC56FCC007FDDF1 /* Sources */ = {
			isa = PBXSourcesBuildPhase;
			buildActionMask = 2147483647;
			files = (
				5403865E1FC57038007FDDF1 /* GroupViewController.swift in Sources */,
				540386711FC57761007FDDF1 /* GroupDetailViewController.swift in Sources */,
				54AAE95E1FCAD88A004C5CB4 /* GroupViewModel.swift in Sources */,
				540386621FC57109007FDDF1 /* GroupTableViewCell.swift in Sources */,
				5403866B1FC57526007FDDF1 /* MainTabBarController.swift in Sources */,
				5403864A1FC56FCC007FDDF1 /* ViewController.swift in Sources */,
				540386661FC572F0007FDDF1 /* Group.swift in Sources */,
				5403866F1FC575BC007FDDF1 /* SettingViewController.swift in Sources */,
				540386481FC56FCC007FDDF1 /* AppDelegate.swift in Sources */,
			);
			runOnlyForDeploymentPostprocessing = 0;
		};
/* End PBXSourcesBuildPhase section */

/* Begin PBXVariantGroup section */
		5403864B1FC56FCD007FDDF1 /* Main.storyboard */ = {
			isa = PBXVariantGroup;
			children = (
				5403864C1FC56FCD007FDDF1 /* Base */,
			);
			name = Main.storyboard;
			sourceTree = "<group>";
		};
		540386501FC56FCD007FDDF1 /* LaunchScreen.storyboard */ = {
			isa = PBXVariantGroup;
			children = (
				540386511FC56FCD007FDDF1 /* Base */,
			);
			name = LaunchScreen.storyboard;
			sourceTree = "<group>";
		};
/* End PBXVariantGroup section */

/* Begin XCBuildConfiguration section */
		540386541FC56FCD007FDDF1 /* Debug */ = {
			isa = XCBuildConfiguration;
			buildSettings = {
				ALWAYS_SEARCH_USER_PATHS = NO;
				CLANG_ANALYZER_NONNULL = YES;
				CLANG_ANALYZER_NUMBER_OBJECT_CONVERSION = YES_AGGRESSIVE;
				CLANG_CXX_LANGUAGE_STANDARD = "gnu++14";
				CLANG_CXX_LIBRARY = "libc++";
				CLANG_ENABLE_MODULES = YES;
				CLANG_ENABLE_OBJC_ARC = YES;
				CLANG_WARN_BLOCK_CAPTURE_AUTORELEASING = YES;
				CLANG_WARN_BOOL_CONVERSION = YES;
				CLANG_WARN_COMMA = YES;
				CLANG_WARN_CONSTANT_CONVERSION = YES;
				CLANG_WARN_DIRECT_OBJC_ISA_USAGE = YES_ERROR;
				CLANG_WARN_DOCUMENTATION_COMMENTS = YES;
				CLANG_WARN_EMPTY_BODY = YES;
				CLANG_WARN_ENUM_CONVERSION = YES;
				CLANG_WARN_INFINITE_RECURSION = YES;
				CLANG_WARN_INT_CONVERSION = YES;
				CLANG_WARN_NON_LITERAL_NULL_CONVERSION = YES;
				CLANG_WARN_OBJC_LITERAL_CONVERSION = YES;
				CLANG_WARN_OBJC_ROOT_CLASS = YES_ERROR;
				CLANG_WARN_RANGE_LOOP_ANALYSIS = YES;
				CLANG_WARN_STRICT_PROTOTYPES = YES;
				CLANG_WARN_SUSPICIOUS_MOVE = YES;
				CLANG_WARN_UNGUARDED_AVAILABILITY = YES_AGGRESSIVE;
				CLANG_WARN_UNREACHABLE_CODE = YES;
				CLANG_WARN__DUPLICATE_METHOD_MATCH = YES;
				CODE_SIGN_IDENTITY = "iPhone Developer";
				COPY_PHASE_STRIP = NO;
				DEBUG_INFORMATION_FORMAT = dwarf;
				ENABLE_STRICT_OBJC_MSGSEND = YES;
				ENABLE_TESTABILITY = YES;
				GCC_C_LANGUAGE_STANDARD = gnu11;
				GCC_DYNAMIC_NO_PIC = NO;
				GCC_NO_COMMON_BLOCKS = YES;
				GCC_OPTIMIZATION_LEVEL = 0;
				GCC_PREPROCESSOR_DEFINITIONS = (
					"DEBUG=1",
					"$(inherited)",
				);
				GCC_WARN_64_TO_32_BIT_CONVERSION = YES;
				GCC_WARN_ABOUT_RETURN_TYPE = YES_ERROR;
				GCC_WARN_UNDECLARED_SELECTOR = YES;
				GCC_WARN_UNINITIALIZED_AUTOS = YES_AGGRESSIVE;
				GCC_WARN_UNUSED_FUNCTION = YES;
				GCC_WARN_UNUSED_VARIABLE = YES;
				IPHONEOS_DEPLOYMENT_TARGET = 11.1;
				MTL_ENABLE_DEBUG_INFO = YES;
				ONLY_ACTIVE_ARCH = YES;
				SDKROOT = iphoneos;
				SWIFT_ACTIVE_COMPILATION_CONDITIONS = DEBUG;
				SWIFT_OPTIMIZATION_LEVEL = "-Onone";
			};
			name = Debug;
		};
		540386551FC56FCD007FDDF1 /* Release */ = {
			isa = XCBuildConfiguration;
			buildSettings = {
				ALWAYS_SEARCH_USER_PATHS = NO;
				CLANG_ANALYZER_NONNULL = YES;
				CLANG_ANALYZER_NUMBER_OBJECT_CONVERSION = YES_AGGRESSIVE;
				CLANG_CXX_LANGUAGE_STANDARD = "gnu++14";
				CLANG_CXX_LIBRARY = "libc++";
				CLANG_ENABLE_MODULES = YES;
				CLANG_ENABLE_OBJC_ARC = YES;
				CLANG_WARN_BLOCK_CAPTURE_AUTORELEASING = YES;
				CLANG_WARN_BOOL_CONVERSION = YES;
				CLANG_WARN_COMMA = YES;
				CLANG_WARN_CONSTANT_CONVERSION = YES;
				CLANG_WARN_DIRECT_OBJC_ISA_USAGE = YES_ERROR;
				CLANG_WARN_DOCUMENTATION_COMMENTS = YES;
				CLANG_WARN_EMPTY_BODY = YES;
				CLANG_WARN_ENUM_CONVERSION = YES;
				CLANG_WARN_INFINITE_RECURSION = YES;
				CLANG_WARN_INT_CONVERSION = YES;
				CLANG_WARN_NON_LITERAL_NULL_CONVERSION = YES;
				CLANG_WARN_OBJC_LITERAL_CONVERSION = YES;
				CLANG_WARN_OBJC_ROOT_CLASS = YES_ERROR;
				CLANG_WARN_RANGE_LOOP_ANALYSIS = YES;
				CLANG_WARN_STRICT_PROTOTYPES = YES;
				CLANG_WARN_SUSPICIOUS_MOVE = YES;
				CLANG_WARN_UNGUARDED_AVAILABILITY = YES_AGGRESSIVE;
				CLANG_WARN_UNREACHABLE_CODE = YES;
				CLANG_WARN__DUPLICATE_METHOD_MATCH = YES;
				CODE_SIGN_IDENTITY = "iPhone Developer";
				COPY_PHASE_STRIP = NO;
				DEBUG_INFORMATION_FORMAT = "dwarf-with-dsym";
				ENABLE_NS_ASSERTIONS = NO;
				ENABLE_STRICT_OBJC_MSGSEND = YES;
				GCC_C_LANGUAGE_STANDARD = gnu11;
				GCC_NO_COMMON_BLOCKS = YES;
				GCC_WARN_64_TO_32_BIT_CONVERSION = YES;
				GCC_WARN_ABOUT_RETURN_TYPE = YES_ERROR;
				GCC_WARN_UNDECLARED_SELECTOR = YES;
				GCC_WARN_UNINITIALIZED_AUTOS = YES_AGGRESSIVE;
				GCC_WARN_UNUSED_FUNCTION = YES;
				GCC_WARN_UNUSED_VARIABLE = YES;
				IPHONEOS_DEPLOYMENT_TARGET = 11.1;
				MTL_ENABLE_DEBUG_INFO = NO;
				SDKROOT = iphoneos;
				SWIFT_OPTIMIZATION_LEVEL = "-Owholemodule";
				VALIDATE_PRODUCT = YES;
			};
			name = Release;
		};
		540386571FC56FCD007FDDF1 /* Debug */ = {
			isa = XCBuildConfiguration;
			buildSettings = {
				ASSETCATALOG_COMPILER_APPICON_NAME = AppIcon;
				CODE_SIGN_STYLE = Automatic;
				DEVELOPMENT_TEAM = EA3VP7SXZ2;
				INFOPLIST_FILE = KooBeeMobile/Info.plist;
				LD_RUNPATH_SEARCH_PATHS = "$(inherited) @executable_path/Frameworks";
				PRODUCT_BUNDLE_IDENTIFIER = rokkocode.KooBeeMobile;
				PRODUCT_NAME = "$(TARGET_NAME)";
				SWIFT_VERSION = 4.0;
				TARGETED_DEVICE_FAMILY = "1,2";
			};
			name = Debug;
		};
		540386581FC56FCD007FDDF1 /* Release */ = {
			isa = XCBuildConfiguration;
			buildSettings = {
				ASSETCATALOG_COMPILER_APPICON_NAME = AppIcon;
				CODE_SIGN_STYLE = Automatic;
				DEVELOPMENT_TEAM = EA3VP7SXZ2;
				INFOPLIST_FILE = KooBeeMobile/Info.plist;
				LD_RUNPATH_SEARCH_PATHS = "$(inherited) @executable_path/Frameworks";
				PRODUCT_BUNDLE_IDENTIFIER = rokkocode.KooBeeMobile;
				PRODUCT_NAME = "$(TARGET_NAME)";
				SWIFT_VERSION = 4.0;
				TARGETED_DEVICE_FAMILY = "1,2";
			};
			name = Release;
		};
/* End XCBuildConfiguration section */

/* Begin XCConfigurationList section */
		5403863F1FC56FCC007FDDF1 /* Build configuration list for PBXProject "KooBeeMobile" */ = {
			isa = XCConfigurationList;
			buildConfigurations = (
				540386541FC56FCD007FDDF1 /* Debug */,
				540386551FC56FCD007FDDF1 /* Release */,
			);
			defaultConfigurationIsVisible = 0;
			defaultConfigurationName = Release;
		};
		540386561FC56FCD007FDDF1 /* Build configuration list for PBXNativeTarget "KooBeeMobile" */ = {
			isa = XCConfigurationList;
			buildConfigurations = (
				540386571FC56FCD007FDDF1 /* Debug */,
				540386581FC56FCD007FDDF1 /* Release */,
			);
			defaultConfigurationIsVisible = 0;
			defaultConfigurationName = Release;
		};
/* End XCConfigurationList section */
	};
	rootObject = 5403863C1FC56FCC007FDDF1 /* Project object */;
}
